
Microsoft Visual Studio Solution File, Format Version 12.00
# Visual Studio Version 16
VisualStudioVersion = 16.0.30413.136
MinimumVisualStudioVersion = 10.0.40219.1
Project("{FAE04EC0-301F-11D3-BF4B-00C04F79EFBC}") = "DeThiHocKi", "DeThiHocKi.csproj", "{6CA11861-5337-4C43-87E2-1C0243EB60BC}"
EndProject
Global
	GlobalSection(SolutionConfigurationPlatforms) = preSolution
		Debug|Any CPU = Debug|Any CPU
		Release|Any CPU = Release|Any CPU
	EndGlobalSection
	GlobalSection(ProjectConfigurationPlatforms) = postSolution
		{6CA11861-5337-4C43-87E2-1C0243EB60BC}.Debug|Any CPU.ActiveCfg = Debug|Any CPU
		{6CA11861-5337-4C43-87E2-1C0243EB60BC}.Debug|Any CPU.Build.0 = Debug|Any CPU
		{6CA11861-5337-4C43-87E2-1C0243EB60BC}.Release|Any CPU.ActiveCfg = Release|Any CPU
		{6CA11861-5337-4C43-87E2-1C0243EB60BC}.Release|Any CPU.Build.0 = Release|Any CPU
	EndGlobalSection
	GlobalSection(SolutionProperties) = preSolution
		HideSolutionNode = FALSE
	EndGlobalSection
	GlobalSection(ExtensibilityGlobals) = postSolution
		SolutionGuid = {D8807A07-A6D6-4621-A887-081F2C532136}
	EndGlobalSection
EndGlobal
